
Microsoft Visual Studio Solution File, Format Version 12.00
# Visual Studio Version 17
VisualStudioVersion = 17.10.35027.167
MinimumVisualStudioVersion = 10.0.40219.1
Project("{FAE04EC0-301F-11D3-BF4B-00C04F79EFBC}") = "ConsoleCalculator", "ConsoleCalculator.csproj", "{687C7787-782D-44DA-9A91-3E177077F54E}"
EndProject
Global
	GlobalSection(SolutionConfigurationPlatforms) = preSolution
		Debug|Any CPU = Debug|Any CPU
		Release|Any CPU = Release|Any CPU
	EndGlobalSection
	GlobalSection(ProjectConfigurationPlatforms) = postSolution
		{687C7787-782D-44DA-9A91-3E177077F54E}.Debug|Any CPU.ActiveCfg = Debug|Any CPU
		{687C7787-782D-44DA-9A91-3E177077F54E}.Debug|Any CPU.Build.0 = Debug|Any CPU
		{687C7787-782D-44DA-9A91-3E177077F54E}.Release|Any CPU.ActiveCfg = Release|Any CPU
		{687C7787-782D-44DA-9A91-3E177077F54E}.Release|Any CPU.Build.0 = Release|Any CPU
	EndGlobalSection
	GlobalSection(SolutionProperties) = preSolution
		HideSolutionNode = FALSE
	EndGlobalSection
	GlobalSection(ExtensibilityGlobals) = postSolution
		SolutionGuid = {6A35EF23-981E-4D55-A838-3EC85F244F6D}
	EndGlobalSection
EndGlobal
